
Microsoft Visual Studio Solution File, Format Version 12.00
# Visual Studio Version 16
VisualStudioVersion = 16.0.29920.165
MinimumVisualStudioVersion = 10.0.40219.1
Project("{FAE04EC0-301F-11D3-BF4B-00C04F79EFBC}") = "Elements", "Elements\Elements.csproj", "{EF83E2D3-2FB6-41F9-BF67-A8450FBADE85}"
EndProject
Global
	GlobalSection(SolutionConfigurationPlatforms) = preSolution
		Debug|Any CPU = Debug|Any CPU
		Release|Any CPU = Release|Any CPU
	EndGlobalSection
	GlobalSection(ProjectConfigurationPlatforms) = postSolution
		{EF83E2D3-2FB6-41F9-BF67-A8450FBADE85}.Debug|Any CPU.ActiveCfg = Debug|Any CPU
		{EF83E2D3-2FB6-41F9-BF67-A8450FBADE85}.Debug|Any CPU.Build.0 = Debug|Any CPU
		{EF83E2D3-2FB6-41F9-BF67-A8450FBADE85}.Release|Any CPU.ActiveCfg = Release|Any CPU
		{EF83E2D3-2FB6-41F9-BF67-A8450FBADE85}.Release|Any CPU.Build.0 = Release|Any CPU
	EndGlobalSection
	GlobalSection(SolutionProperties) = preSolution
		HideSolutionNode = FALSE
	EndGlobalSection
	GlobalSection(ExtensibilityGlobals) = postSolution
		SolutionGuid = {4B58B5E9-7C57-4C6B-9892-4CFEE5563EE7}
	EndGlobalSection
EndGlobal
